{
  "requires": true,
  "lockfileVersion": 1,
  "dependencies": {
    "jquery": {
      "version": "3.4.1",
      "resolved": "https://registry.npmjs.org/jquery/-/jquery-3.4.1.tgz",
      "integrity": "sha512-36+AdBzCL+y6qjw5Tx7HgzeGCzC81MDDgaUP8ld2zhx58HdqXGoBd+tHdrBMiyjGQs0Hxs/MLZTu/eHNJJuWPw=="
    },
    "jquery-cloner": {
      "version": "1.3.4",
      "resolved": "https://registry.npmjs.org/jquery-cloner/-/jquery-cloner-1.3.4.tgz",
      "integrity": "sha512-VKABDApIojeeKEQRFqO8FmvgE1qXqvBjhoctwdnOs6FTmuVbzHs+/5GLhP0DXFxIHSAx573ZFe3s0l8xJtkhzg==",
      "requires": {
        "jquery": "^3.1.1"
      }
    }
  }
}
